// !$*UTF8*$!
{
	archiveVersion = 1;
	classes = {
	};
	objectVersion = 46;
	objects = {

/* Begin PBXBuildFile section */
		0360BF451B19687500C6FE31 /* main.m in Sources */ = {isa = PBXBuildFile; fileRef = 0360BF441B19687500C6FE31 /* main.m */; };
		0360BF481B19687500C6FE31 /* AppDelegate.m in Sources */ = {isa = PBXBuildFile; fileRef = 0360BF471B19687500C6FE31 /* AppDelegate.m */; };
		0360BF4B1B19687500C6FE31 /* ViewController.m in Sources */ = {isa = PBXBuildFile; fileRef = 0360BF4A1B19687500C6FE31 /* ViewController.m */; };
		0360BF4E1B19687500C6FE31 /* Main.storyboard in Resources */ = {isa = PBXBuildFile; fileRef = 0360BF4C1B19687500C6FE31 /* Main.storyboard */; };
		0360BF501B19687500C6FE31 /* Images.xcassets in Resources */ = {isa = PBXBuildFile; fileRef = 0360BF4F1B19687500C6FE31 /* Images.xcassets */; };
		0360BF531B19687500C6FE31 /* LaunchScreen.xib in Resources */ = {isa = PBXBuildFile; fileRef = 0360BF511B19687500C6FE31 /* LaunchScreen.xib */; };
		0360BF5F1B19687500C6FE31 /* HZActionSheetTests.m in Sources */ = {isa = PBXBuildFile; fileRef = 0360BF5E1B19687500C6FE31 /* HZActionSheetTests.m */; };
		0360BF721B199A5E00C6FE31 /* HZActionSheet.m in Sources */ = {isa = PBXBuildFile; fileRef = 0360BF711B199A5E00C6FE31 /* HZActionSheet.m */; };
		E140F62DF5D7E33E6DEAF47C /* libPods-HZActionSheet.a in Frameworks */ = {isa = PBXBuildFile; fileRef = C76F50A79AAE719195322132 /* libPods-HZActionSheet.a */; };
/* End PBXBuildFile section */

/* Begin PBXContainerItemProxy section */
		0360BF591B19687500C6FE31 /* PBXContainerItemProxy */ = {
			isa = PBXContainerItemProxy;
			containerPortal = 0360BF371B19687500C6FE31 /* Project object */;
			proxyType = 1;
			remoteGlobalIDString = 0360BF3E1B19687500C6FE31;
			remoteInfo = HZActionSheet;
		};
/* End PBXContainerItemProxy section */

/* Begin PBXFileReference section */
		0360BF3F1B19687500C6FE31 /* HZActionSheet.app */ = {isa = PBXFileReference; explicitFileType = wrapper.application; includeInIndex = 0; path = HZActionSheet.app; sourceTree = BUILT_PRODUCTS_DIR; };
		0360BF431B19687500C6FE31 /* Info.plist */ = {isa = PBXFileReference; lastKnownFileType = text.plist.xml; path = Info.plist; sourceTree = "<group>"; };
		0360BF441B19687500C6FE31 /* main.m */ = {isa = PBXFileReference; lastKnownFileType = sourcecode.c.objc; path = main.m; sourceTree = "<group>"; };
		0360BF461B19687500C6FE31 /* AppDelegate.h */ = {isa = PBXFileReference; lastKnownFileType = sourcecode.c.h; path = AppDelegate.h; sourceTree = "<group>"; };
		0360BF471B19687500C6FE31 /* AppDelegate.m */ = {isa = PBXFileReference; lastKnownFileType = sourcecode.c.objc; path = AppDelegate.m; sourceTree = "<group>"; };
		0360BF491B19687500C6FE31 /* ViewController.h */ = {isa = PBXFileReference; lastKnownFileType = sourcecode.c.h; path = ViewController.h; sourceTree = "<group>"; };
		0360BF4A1B19687500C6FE31 /* ViewController.m */ = {isa = PBXFileReference; lastKnownFileType = sourcecode.c.objc; path = ViewController.m; sourceTree = "<group>"; };
		0360BF4D1B19687500C6FE31 /* Base */ = {isa = PBXFileReference; lastKnownFileType = file.storyboard; name = Base; path = Base.lproj/Main.storyboard; sourceTree = "<group>"; };
		0360BF4F1B19687500C6FE31 /* Images.xcassets */ = {isa = PBXFileReference; lastKnownFileType = folder.assetcatalog; path = Images.xcassets; sourceTree = "<group>"; };
		0360BF521B19687500C6FE31 /* Base */ = {isa = PBXFileReference; lastKnownFileType = file.xib; name = Base; path = Base.lproj/LaunchScreen.xib; sourceTree = "<group>"; };
		0360BF581B19687500C6FE31 /* HZActionSheetTests.xctest */ = {isa = PBXFileReference; explicitFileType = wrapper.cfbundle; includeInIndex = 0; path = HZActionSheetTests.xctest; sourceTree = BUILT_PRODUCTS_DIR; };
		0360BF5D1B19687500C6FE31 /* Info.plist */ = {isa = PBXFileReference; lastKnownFileType = text.plist.xml; path = Info.plist; sourceTree = "<group>"; };
		0360BF5E1B19687500C6FE31 /* HZActionSheetTests.m */ = {isa = PBXFileReference; lastKnownFileType = sourcecode.c.objc; path = HZActionSheetTests.m; sourceTree = "<group>"; };
		0360BF701B199A5E00C6FE31 /* HZActionSheet.h */ = {isa = PBXFileReference; fileEncoding = 4; lastKnownFileType = sourcecode.c.h; path = HZActionSheet.h; sourceTree = "<group>"; };
		0360BF711B199A5E00C6FE31 /* HZActionSheet.m */ = {isa = PBXFileReference; fileEncoding = 4; lastKnownFileType = sourcecode.c.objc; path = HZActionSheet.m; sourceTree = "<group>"; };
		1369F175B0EB9BFCFF5D34AB /* Pods-HZActionSheet.debug.xcconfig */ = {isa = PBXFileReference; includeInIndex = 1; lastKnownFileType = text.xcconfig; name = "Pods-HZActionSheet.debug.xcconfig"; path = "Pods/Target Support Files/Pods-HZActionSheet/Pods-HZActionSheet.debug.xcconfig"; sourceTree = "<group>"; };
		C76F50A79AAE719195322132 /* libPods-HZActionSheet.a */ = {isa = PBXFileReference; explicitFileType = archive.ar; includeInIndex = 0; path = "libPods-HZActionSheet.a"; sourceTree = BUILT_PRODUCTS_DIR; };
		E101D1460817B817D90EA595 /* Pods-HZActionSheet.release.xcconfig */ = {isa = PBXFileReference; includeInIndex = 1; lastKnownFileType = text.xcconfig; name = "Pods-HZActionSheet.release.xcconfig"; path = "Pods/Target Support Files/Pods-HZActionSheet/Pods-HZActionSheet.release.xcconfig"; sourceTree = "<group>"; };
/* End PBXFileReference section */

/* Begin PBXFrameworksBuildPhase section */
		0360BF3C1B19687500C6FE31 /* Frameworks */ = {
			isa = PBXFrameworksBuildPhase;
			buildActionMask = 2147483647;
			files = (
				E140F62DF5D7E33E6DEAF47C /* libPods-HZActionSheet.a in Frameworks */,
			);
			runOnlyForDeploymentPostprocessing = 0;
		};
		0360BF551B19687500C6FE31 /* Frameworks */ = {
			isa = PBXFrameworksBuildPhase;
			buildActionMask = 2147483647;
			files = (
			);
			runOnlyForDeploymentPostprocessing = 0;
		};
/* End PBXFrameworksBuildPhase section */

/* Begin PBXGroup section */
		0360BF361B19687500C6FE31 = {
			isa = PBXGroup;
			children = (
				0360BF411B19687500C6FE31 /* HZActionSheet */,
				0360BF5B1B19687500C6FE31 /* HZActionSheetTests */,
				0360BF401B19687500C6FE31 /* Products */,
				9837D756EE6932919AA880F7 /* Pods */,
				FD27626846E47385FE7FED67 /* Frameworks */,
			);
			sourceTree = "<group>";
		};
		0360BF401B19687500C6FE31 /* Products */ = {
			isa = PBXGroup;
			children = (
				0360BF3F1B19687500C6FE31 /* HZActionSheet.app */,
				0360BF581B19687500C6FE31 /* HZActionSheetTests.xctest */,
			);
			name = Products;
			sourceTree = "<group>";
		};
		0360BF411B19687500C6FE31 /* HZActionSheet */ = {
			isa = PBXGroup;
			children = (
				0360BF6F1B199A5E00C6FE31 /* HZActionSheet */,
				0360BF461B19687500C6FE31 /* AppDelegate.h */,
				0360BF471B19687500C6FE31 /* AppDelegate.m */,
				0360BF491B19687500C6FE31 /* ViewController.h */,
				0360BF4A1B19687500C6FE31 /* ViewController.m */,
				0360BF4C1B19687500C6FE31 /* Main.storyboard */,
				0360BF4F1B19687500C6FE31 /* Images.xcassets */,
				0360BF511B19687500C6FE31 /* LaunchScreen.xib */,
				0360BF421B19687500C6FE31 /* Supporting Files */,
			);
			path = HZActionSheet;
			sourceTree = "<group>";
		};
		0360BF421B19687500C6FE31 /* Supporting Files */ = {
			isa = PBXGroup;
			children = (
				0360BF431B19687500C6FE31 /* Info.plist */,
				0360BF441B19687500C6FE31 /* main.m */,
			);
			name = "Supporting Files";
			sourceTree = "<group>";
		};
		0360BF5B1B19687500C6FE31 /* HZActionSheetTests */ = {
			isa = PBXGroup;
			children = (
				0360BF5E1B19687500C6FE31 /* HZActionSheetTests.m */,
				0360BF5C1B19687500C6FE31 /* Supporting Files */,
			);
			path = HZActionSheetTests;
			sourceTree = "<group>";
		};
		0360BF5C1B19687500C6FE31 /* Supporting Files */ = {
			isa = PBXGroup;
			children = (
				0360BF5D1B19687500C6FE31 /* Info.plist */,
			);
			name = "Supporting Files";
			sourceTree = "<group>";
		};
		0360BF6F1B199A5E00C6FE31 /* HZActionSheet */ = {
			isa = PBXGroup;
			children = (
				0360BF701B199A5E00C6FE31 /* HZActionSheet.h */,
				0360BF711B199A5E00C6FE31 /* HZActionSheet.m */,
			);
			path = HZActionSheet;
			sourceTree = "<group>";
		};
		9837D756EE6932919AA880F7 /* Pods */ = {
			isa = PBXGroup;
			children = (
				1369F175B0EB9BFCFF5D34AB /* Pods-HZActionSheet.debug.xcconfig */,
				E101D1460817B817D90EA595 /* Pods-HZActionSheet.release.xcconfig */,
			);
			name = Pods;
			sourceTree = "<group>";
		};
		FD27626846E47385FE7FED67 /* Frameworks */ = {
			isa = PBXGroup;
			children = (
				C76F50A79AAE719195322132 /* libPods-HZActionSheet.a */,
			);
			name = Frameworks;
			sourceTree = "<group>";
		};
/* End PBXGroup section */

/* Begin PBXNativeTarget section */
		0360BF3E1B19687500C6FE31 /* HZActionSheet */ = {
			isa = PBXNativeTarget;
			buildConfigurationList = 0360BF621B19687500C6FE31 /* Build configuration list for PBXNativeTarget "HZActionSheet" */;
			buildPhases = (
				647A682868BCA6B9681E5EA7 /* [CP] Check Pods Manifest.lock */,
				0360BF3B1B19687500C6FE31 /* Sources */,
				0360BF3C1B19687500C6FE31 /* Frameworks */,
				0360BF3D1B19687500C6FE31 /* Resources */,
				740384161C26F4DD06F30F79 /* [CP] Embed Pods Frameworks */,
				74E2F6684B48E206CB9A9901 /* [CP] Copy Pods Resources */,
			);
			buildRules = (
			);
			dependencies = (
			);
			name = HZActionSheet;
			productName = HZActionSheet;
			productReference = 0360BF3F1B19687500C6FE31 /* HZActionSheet.app */;
			productType = "com.apple.product-type.application";
		};
		0360BF571B19687500C6FE31 /* HZActionSheetTests */ = {
			isa = PBXNativeTarget;
			buildConfigurationList = 0360BF651B19687500C6FE31 /* Build configuration list for PBXNativeTarget "HZActionSheetTests" */;
			buildPhases = (
				0360BF541B19687500C6FE31 /* Sources */,
				0360BF551B19687500C6FE31 /* Frameworks */,
				0360BF561B19687500C6FE31 /* Resources */,
			);
			buildRules = (
			);
			dependencies = (
				0360BF5A1B19687500C6FE31 /* PBXTargetDependency */,
			);
			name = HZActionSheetTests;
			productName = HZActionSheetTests;
			productReference = 0360BF581B19687500C6FE31 /* HZActionSheetTests.xctest */;
			productType = "com.apple.product-type.bundle.unit-test";
		};
/* End PBXNativeTarget section */

/* Begin PBXProject section */
		0360BF371B19687500C6FE31 /* Project object */ = {
			isa = PBXProject;
			attributes = {
				LastUpgradeCheck = 0630;
				ORGANIZATIONNAME = History;
				TargetAttributes = {
					0360BF3E1B19687500C6FE31 = {
						CreatedOnToolsVersion = 6.3.1;
					};
					0360BF571B19687500C6FE31 = {
						CreatedOnToolsVersion = 6.3.1;
						TestTargetID = 0360BF3E1B19687500C6FE31;
					};
				};
			};
			buildConfigurationList = 0360BF3A1B19687500C6FE31 /* Build configuration list for PBXProject "HZActionSheet" */;
			compatibilityVersion = "Xcode 3.2";
			developmentRegion = English;
			hasScannedForEncodings = 0;
			knownRegions = (
				en,
				Base,
			);
			mainGroup = 0360BF361B19687500C6FE31;
			productRefGroup = 0360BF401B19687500C6FE31 /* Products */;
			projectDirPath = "";
			projectRoot = "";
			targets = (
				0360BF3E1B19687500C6FE31 /* HZActionSheet */,
				0360BF571B19687500C6FE31 /* HZActionSheetTests */,
			);
		};
/* End PBXProject section */

/* Begin PBXResourcesBuildPhase section */
		0360BF3D1B19687500C6FE31 /* Resources */ = {
			isa = PBXResourcesBuildPhase;
			buildActionMask = 2147483647;
			files = (
				0360BF4E1B19687500C6FE31 /* Main.storyboard in Resources */,
				0360BF531B19687500C6FE31 /* LaunchScreen.xib in Resources */,
				0360BF501B19687500C6FE31 /* Images.xcassets in Resources */,
			);
			runOnlyForDeploymentPostprocessing = 0;
		};
		0360BF561B19687500C6FE31 /* Resources */ = {
			isa = PBXResourcesBuildPhase;
			buildActionMask = 2147483647;
			files = (
			);
			runOnlyForDeploymentPostprocessing = 0;
		};
/* End PBXResourcesBuildPhase section */

/* Begin PBXShellScriptBuildPhase section */
		647A682868BCA6B9681E5EA7 /* [CP] Check Pods Manifest.lock */ = {
			isa = PBXShellScriptBuildPhase;
			buildActionMask = 2147483647;
			files = (
			);
			inputPaths = (
			);
			name = "[CP] Check Pods Manifest.lock";
			outputPaths = (
			);
			runOnlyForDeploymentPostprocessing = 0;
			shellPath = /bin/sh;
			shellScript = "diff \"${PODS_PODFILE_DIR_PATH}/Podfile.lock\" \"${PODS_ROOT}/Manifest.lock\" > /dev/null\nif [ $? != 0 ] ; then\n    # print error to STDERR\n    echo \"error: The sandbox is not in sync with the Podfile.lock. Run 'pod install' or update your CocoaPods installation.\" >&2\n    exit 1\nfi\n";
			showEnvVarsInLog = 0;
		};
		740384161C26F4DD06F30F79 /* [CP] Embed Pods Frameworks */ = {
			isa = PBXShellScriptBuildPhase;
			buildActionMask = 2147483647;
			files = (
			);
			inputPaths = (
			);
			name = "[CP] Embed Pods Frameworks";
			outputPaths = (
			);
			runOnlyForDeploymentPostprocessing = 0;
			shellPath = /bin/sh;
			shellScript = "\"${SRCROOT}/Pods/Target Support Files/Pods-HZActionSheet/Pods-HZActionSheet-frameworks.sh\"\n";
			showEnvVarsInLog = 0;
		};
		74E2F6684B48E206CB9A9901 /* [CP] Copy Pods Resources */ = {
			isa = PBXShellScriptBuildPhase;
			buildActionMask = 2147483647;
			files = (
			);
			inputPaths = (
			);
			name = "[CP] Copy Pods Resources";
			outputPaths = (
			);
			runOnlyForDeploymentPostprocessing = 0;
			shellPath = /bin/sh;
			shellScript = "\"${SRCROOT}/Pods/Target Support Files/Pods-HZActionSheet/Pods-HZActionSheet-resources.sh\"\n";
			showEnvVarsInLog = 0;
		};
/* End PBXShellScriptBuildPhase section */

/* Begin PBXSourcesBuildPhase section */
		0360BF3B1B19687500C6FE31 /* Sources */ = {
			isa = PBXSourcesBuildPhase;
			buildActionMask = 2147483647;
			files = (
				0360BF721B199A5E00C6FE31 /* HZActionSheet.m in Sources */,
				0360BF4B1B19687500C6FE31 /* ViewController.m in Sources */,
				0360BF481B19687500C6FE31 /* AppDelegate.m in Sources */,
				0360BF451B19687500C6FE31 /* main.m in Sources */,
			);
			runOnlyForDeploymentPostprocessing = 0;
		};
		0360BF541B19687500C6FE31 /* Sources */ = {
			isa = PBXSourcesBuildPhase;
			buildActionMask = 2147483647;
			files = (
				0360BF5F1B19687500C6FE31 /* HZActionSheetTests.m in Sources */,
			);
			runOnlyForDeploymentPostprocessing = 0;
		};
/* End PBXSourcesBuildPhase section */

/* Begin PBXTargetDependency section */
		0360BF5A1B19687500C6FE31 /* PBXTargetDependency */ = {
			isa = PBXTargetDependency;
			target = 0360BF3E1B19687500C6FE31 /* HZActionSheet */;
			targetProxy = 0360BF591B19687500C6FE31 /* PBXContainerItemProxy */;
		};
/* End PBXTargetDependency section */

/* Begin PBXVariantGroup section */
		0360BF4C1B19687500C6FE31 /* Main.storyboard */ = {
			isa = PBXVariantGroup;
			children = (
				0360BF4D1B19687500C6FE31 /* Base */,
			);
			name = Main.storyboard;
			sourceTree = "<group>";
		};
		0360BF511B19687500C6FE31 /* LaunchScreen.xib */ = {
			isa = PBXVariantGroup;
			children = (
				0360BF521B19687500C6FE31 /* Base */,
			);
			name = LaunchScreen.xib;
			sourceTree = "<group>";
		};
/* End PBXVariantGroup section */

/* Begin XCBuildConfiguration section */
		0360BF601B19687500C6FE31 /* Debug */ = {
			isa = XCBuildConfiguration;
			buildSettings = {
				ALWAYS_SEARCH_USER_PATHS = NO;
				CLANG_CXX_LANGUAGE_STANDARD = "gnu++0x";
				CLANG_CXX_LIBRARY = "libc++";
				CLANG_ENABLE_MODULES = YES;
				CLANG_ENABLE_OBJC_ARC = YES;
				CLANG_WARN_BOOL_CONVERSION = YES;
				CLANG_WARN_CONSTANT_CONVERSION = YES;
				CLANG_WARN_DIRECT_OBJC_ISA_USAGE = YES_ERROR;
				CLANG_WARN_EMPTY_BODY = YES;
				CLANG_WARN_ENUM_CONVERSION = YES;
				CLANG_WARN_INT_CONVERSION = YES;
				CLANG_WARN_OBJC_ROOT_CLASS = YES_ERROR;
				CLANG_WARN_UNREACHABLE_CODE = YES;
				CLANG_WARN__DUPLICATE_METHOD_MATCH = YES;
				"CODE_SIGN_IDENTITY[sdk=iphoneos*]" = "iPhone Developer";
				COPY_PHASE_STRIP = NO;
				DEBUG_INFORMATION_FORMAT = "dwarf-with-dsym";
				ENABLE_STRICT_OBJC_MSGSEND = YES;
				GCC_C_LANGUAGE_STANDARD = gnu99;
				GCC_DYNAMIC_NO_PIC = NO;
				GCC_NO_COMMON_BLOCKS = YES;
				GCC_OPTIMIZATION_LEVEL = 0;
				GCC_PREPROCESSOR_DEFINITIONS = (
					"DEBUG=1",
					"$(inherited)",
				);
				GCC_SYMBOLS_PRIVATE_EXTERN = NO;
				GCC_WARN_64_TO_32_BIT_CONVERSION = YES;
				GCC_WARN_ABOUT_RETURN_TYPE = YES_ERROR;
				GCC_WARN_UNDECLARED_SELECTOR = YES;
				GCC_WARN_UNINITIALIZED_AUTOS = YES_AGGRESSIVE;
				GCC_WARN_UNUSED_FUNCTION = YES;
				GCC_WARN_UNUSED_VARIABLE = YES;
				IPHONEOS_DEPLOYMENT_TARGET = 8.3;
				MTL_ENABLE_DEBUG_INFO = YES;
				ONLY_ACTIVE_ARCH = YES;
				SDKROOT = iphoneos;
			};
			name = Debug;
		};
		0360BF611B19687500C6FE31 /* Release */ = {
			isa = XCBuildConfiguration;
			buildSettings = {
				ALWAYS_SEARCH_USER_PATHS = NO;
				CLANG_CXX_LANGUAGE_STANDARD = "gnu++0x";
				CLANG_CXX_LIBRARY = "libc++";
				CLANG_ENABLE_MODULES = YES;
				CLANG_ENABLE_OBJC_ARC = YES;
				CLANG_WARN_BOOL_CONVERSION = YES;
				CLANG_WARN_CONSTANT_CONVERSION = YES;
				CLANG_WARN_DIRECT_OBJC_ISA_USAGE = YES_ERROR;
				CLANG_WARN_EMPTY_BODY = YES;
				CLANG_WARN_ENUM_CONVERSION = YES;
				CLANG_WARN_INT_CONVERSION = YES;
				CLANG_WARN_OBJC_ROOT_CLASS = YES_ERROR;
				CLANG_WARN_UNREACHABLE_CODE = YES;
				CLANG_WARN__DUPLICATE_METHOD_MATCH = YES;
				"CODE_SIGN_IDENTITY[sdk=iphoneos*]" = "iPhone Developer";
				COPY_PHASE_STRIP = NO;
				DEBUG_INFORMATION_FORMAT = "dwarf-with-dsym";
				ENABLE_NS_ASSERTIONS = NO;
				ENABLE_STRICT_OBJC_MSGSEND = YES;
				GCC_C_LANGUAGE_STANDARD = gnu99;
				GCC_NO_COMMON_BLOCKS = YES;
				GCC_WARN_64_TO_32_BIT_CONVERSION = YES;
				GCC_WARN_ABOUT_RETURN_TYPE = YES_ERROR;
				GCC_WARN_UNDECLARED_SELECTOR = YES;
				GCC_WARN_UNINITIALIZED_AUTOS = YES_AGGRESSIVE;
				GCC_WARN_UNUSED_FUNCTION = YES;
				GCC_WARN_UNUSED_VARIABLE = YES;
				IPHONEOS_DEPLOYMENT_TARGET = 8.3;
				MTL_ENABLE_DEBUG_INFO = NO;
				SDKROOT = iphoneos;
				VALIDATE_PRODUCT = YES;
			};
			name = Release;
		};
		0360BF631B19687500C6FE31 /* Debug */ = {
			isa = XCBuildConfiguration;
			baseConfigurationReference = 1369F175B0EB9BFCFF5D34AB /* Pods-HZActionSheet.debug.xcconfig */;
			buildSettings = {
				ASSETCATALOG_COMPILER_APPICON_NAME = AppIcon;
				INFOPLIST_FILE = HZActionSheet/Info.plist;
				LD_RUNPATH_SEARCH_PATHS = "$(inherited) @executable_path/Frameworks";
				PRODUCT_NAME = "$(TARGET_NAME)";
			};
			name = Debug;
		};
		0360BF641B19687500C6FE31 /* Release */ = {
			isa = XCBuildConfiguration;
			baseConfigurationReference = E101D1460817B817D90EA595 /* Pods-HZActionSheet.release.xcconfig */;
			buildSettings = {
				ASSETCATALOG_COMPILER_APPICON_NAME = AppIcon;
				INFOPLIST_FILE = HZActionSheet/Info.plist;
				LD_RUNPATH_SEARCH_PATHS = "$(inherited) @executable_path/Frameworks";
				PRODUCT_NAME = "$(TARGET_NAME)";
			};
			name = Release;
		};
		0360BF661B19687500C6FE31 /* Debug */ = {
			isa = XCBuildConfiguration;
			buildSettings = {
				BUNDLE_LOADER = "$(TEST_HOST)";
				FRAMEWORK_SEARCH_PATHS = (
					"$(SDKROOT)/Developer/Library/Frameworks",
					"$(inherited)",
				);
				GCC_PREPROCESSOR_DEFINITIONS = (
					"DEBUG=1",
					"$(inherited)",
				);
				INFOPLIST_FILE = HZActionSheetTests/Info.plist;
				LD_RUNPATH_SEARCH_PATHS = "$(inherited) @executable_path/Frameworks @loader_path/Frameworks";
				PRODUCT_NAME = "$(TARGET_NAME)";
				TEST_HOST = "$(BUILT_PRODUCTS_DIR)/HZActionSheet.app/HZActionSheet";
			};
			name = Debug;
		};
		0360BF671B19687500C6FE31 /* Release */ = {
			isa = XCBuildConfiguration;
			buildSettings = {
				BUNDLE_LOADER = "$(TEST_HOST)";
				FRAMEWORK_SEARCH_PATHS = (
					"$(SDKROOT)/Developer/Library/Frameworks",
					"$(inherited)",
				);
				INFOPLIST_FILE = HZActionSheetTests/Info.plist;
				LD_RUNPATH_SEARCH_PATHS = "$(inherited) @executable_path/Frameworks @loader_path/Frameworks";
				PRODUCT_NAME = "$(TARGET_NAME)";
				TEST_HOST = "$(BUILT_PRODUCTS_DIR)/HZActionSheet.app/HZActionSheet";
			};
			name = Release;
		};
/* End XCBuildConfiguration section */

/* Begin XCConfigurationList section */
		0360BF3A1B19687500C6FE31 /* Build configuration list for PBXProject "HZActionSheet" */ = {
			isa = XCConfigurationList;
			buildConfigurations = (
				0360BF601B19687500C6FE31 /* Debug */,
				0360BF611B19687500C6FE31 /* Release */,
			);
			defaultConfigurationIsVisible = 0;
			defaultConfigurationName = Release;
		};
		0360BF621B19687500C6FE31 /* Build configuration list for PBXNativeTarget "HZActionSheet" */ = {
			isa = XCConfigurationList;
			buildConfigurations = (
				0360BF631B19687500C6FE31 /* Debug */,
				0360BF641B19687500C6FE31 /* Release */,
			);
			defaultConfigurationIsVisible = 0;
			defaultConfigurationName = Release;
		};
		0360BF651B19687500C6FE31 /* Build configuration list for PBXNativeTarget "HZActionSheetTests" */ = {
			isa = XCConfigurationList;
			buildConfigurations = (
				0360BF661B19687500C6FE31 /* Debug */,
				0360BF671B19687500C6FE31 /* Release */,
			);
			defaultConfigurationIsVisible = 0;
			defaultConfigurationName = Release;
		};
/* End XCConfigurationList section */
	};
	rootObject = 0360BF371B19687500C6FE31 /* Project object */;
}
